
Microsoft Visual Studio Solution File, Format Version 12.00
# Visual Studio Version 16
VisualStudioVersion = 16.0.30804.86
MinimumVisualStudioVersion = 10.0.40219.1
Project("{9A19103F-16F7-4668-BE54-9A1E7A4F7556}") = "Minecraft.Web", "MinecraftWeb\Minecraft.Web.csproj", "{92A9A1B2-10FA-451F-B260-8A3E70420402}"
EndProject
Project("{FAE04EC0-301F-11D3-BF4B-00C04F79EFBC}") = "Minecraft.Entities", "Minecraft.Entities\Minecraft.Entities.csproj", "{A263129A-862B-47C1-B125-4A4295918685}"
EndProject
Project("{FAE04EC0-301F-11D3-BF4B-00C04F79EFBC}") = "Minecraft.Data", "Minecraft.Data\Minecraft.Data.csproj", "{63FE2937-5433-45C2-8D9A-EB42B34BC2C5}"
EndProject
Project("{FAE04EC0-301F-11D3-BF4B-00C04F79EFBC}") = "Minecraft.Core", "Minecraft.Core\Minecraft.Core.csproj", "{A3417A31-386A-42B9-8F96-4319BB2A4BE6}"
EndProject
Global
	GlobalSection(SolutionConfigurationPlatforms) = preSolution
		Debug|Any CPU = Debug|Any CPU
		Release|Any CPU = Release|Any CPU
	EndGlobalSection
	GlobalSection(ProjectConfigurationPlatforms) = postSolution
		{92A9A1B2-10FA-451F-B260-8A3E70420402}.Debug|Any CPU.ActiveCfg = Debug|Any CPU
		{92A9A1B2-10FA-451F-B260-8A3E70420402}.Debug|Any CPU.Build.0 = Debug|Any CPU
		{92A9A1B2-10FA-451F-B260-8A3E70420402}.Release|Any CPU.ActiveCfg = Release|Any CPU
		{92A9A1B2-10FA-451F-B260-8A3E70420402}.Release|Any CPU.Build.0 = Release|Any CPU
		{A263129A-862B-47C1-B125-4A4295918685}.Debug|Any CPU.ActiveCfg = Debug|Any CPU
		{A263129A-862B-47C1-B125-4A4295918685}.Debug|Any CPU.Build.0 = Debug|Any CPU
		{A263129A-862B-47C1-B125-4A4295918685}.Release|Any CPU.ActiveCfg = Release|Any CPU
		{A263129A-862B-47C1-B125-4A4295918685}.Release|Any CPU.Build.0 = Release|Any CPU
		{63FE2937-5433-45C2-8D9A-EB42B34BC2C5}.Debug|Any CPU.ActiveCfg = Debug|Any CPU
		{63FE2937-5433-45C2-8D9A-EB42B34BC2C5}.Debug|Any CPU.Build.0 = Debug|Any CPU
		{63FE2937-5433-45C2-8D9A-EB42B34BC2C5}.Release|Any CPU.ActiveCfg = Release|Any CPU
		{63FE2937-5433-45C2-8D9A-EB42B34BC2C5}.Release|Any CPU.Build.0 = Release|Any CPU
		{A3417A31-386A-42B9-8F96-4319BB2A4BE6}.Debug|Any CPU.ActiveCfg = Debug|Any CPU
		{A3417A31-386A-42B9-8F96-4319BB2A4BE6}.Debug|Any CPU.Build.0 = Debug|Any CPU
		{A3417A31-386A-42B9-8F96-4319BB2A4BE6}.Release|Any CPU.ActiveCfg = Release|Any CPU
		{A3417A31-386A-42B9-8F96-4319BB2A4BE6}.Release|Any CPU.Build.0 = Release|Any CPU
	EndGlobalSection
	GlobalSection(SolutionProperties) = preSolution
		HideSolutionNode = FALSE
	EndGlobalSection
	GlobalSection(ExtensibilityGlobals) = postSolution
		SolutionGuid = {811B30DE-76A9-44B9-9AA2-04A731D1DBA1}
	EndGlobalSection
EndGlobal
